github.com/dracory/arr v0.2.0 h1:7vzKP988Yrcmqqol4qy+DLM1MFFNTNztwo6sJos3/Xo=
github.com/dracory/arr v0.2.0/go.mod h1:M9Hdk7l+jhewLVCEiDyN+j0+2GkjksqrfNqtE1Cxbek=
github.com/dracory/uid v1.8.0 h1:L2D8fNH0CcmJLD3TM8f9RZ9UCpHB1Bbi82n7PG4I+5M=
github.com/dracory/uid v1.8.0/go.mod h1:ldOjQLmGsQO4/oRIp5dpgajX3Qf1FI4QMPD34lXSIMI=
github.com/google/uuid v1.6.0 h1:NIvaJDMOsjHA8n1jAhLSgzrAzy1Hgr+hNrb57e+94F0=
github.com/google/uuid v1.6.0/go.mod h1:TIyPZe4MgqvfeYDBFedMoGGpEw/LqOeaOT+nhxU+yHo=
github.com/samber/lo v1.52.0 h1:Rvi+3BFHES3A8meP33VPAxiBZX/Aws5RxrschYGjomw=
github.com/samber/lo v1.52.0/go.mod h1:4+MXEGsJzbKGaUEQFKBq2xtfuznW9oz/WrgyzMzRoM0=
golang.org/x/exp v0.0.0-20251023183803-a4bb9ffd2546 h1:mgKeJMpvi0yx/sU5GsxQ7p6s2wtOnGAHZWCHUM4KGzY=
golang.org/x/exp v0.0.0-20251023183803-a4bb9ffd2546/go.mod h1:j/pmGrbnkbPtQfxEe5D0VQhZC6qKbfKifgD0oM7sR70=
golang.org/x/text v0.30.0 h1:yznKA/E9zq54KzlzBEAWn1NXSQ8DIp/NYMy88xJjl4k=
golang.org/x/text v0.30.0/go.mod h1:yDdHFIX9t+tORqspjENWgzaCVXgk0yYnYuSZ8UzzBVM=
