github.com/dracory/base v0.25.0 h1:qug9g1rMwVBC4MWyAtT0VYv7LU4hYqLOUEKqQv9X3+U=
github.com/dracory/base v0.25.0/go.mod h1:0jMi6A9DLZwKK9q+7lw4CMS4mBmYJ8U5XKeeFt1SrZc=
github.com/google/uuid v1.6.0 h1:NIvaJDMOsjHA8n1jAhLSgzrAzy1Hgr+hNrb57e+94F0=
github.com/google/uuid v1.6.0/go.mod h1:TIyPZe4MgqvfeYDBFedMoGGpEw/LqOeaOT+nhxU+yHo=
github.com/gouniverse/uid v1.5.0 h1:evyGegnY7+KeYirDhJntI9xmODf8jPMQw8DlMpQIPnM=
github.com/gouniverse/uid v1.5.0/go.mod h1:06dzYTyBLOu+iRlKZ8GxzEfgDSLyoZwgKns9Fcvt7G4=
github.com/samber/lo v1.51.0 h1:kysRYLbHy/MB7kQZf5DSN50JHmMsNEdeY24VzJFu7wI=
github.com/samber/lo v1.51.0/go.mod h1:4+MXEGsJzbKGaUEQFKBq2xtfuznW9oz/WrgyzMzRoM0=
golang.org/x/exp v0.0.0-20250718183923-645b1fa84792 h1:R9PFI6EUdfVKgwKjZef7QIwGcBKu86OEFpJ9nUEP2l4=
golang.org/x/exp v0.0.0-20250718183923-645b1fa84792/go.mod h1:A+z0yzpGtvnG90cToK5n2tu8UJVP2XUATh+r+sfOOOc=
golang.org/x/text v0.27.0 h1:4fGWRpyh641NLlecmyl4LOe6yDdfaYNrGb2zdfo4JV4=
golang.org/x/text v0.27.0/go.mod h1:1D28KMCvyooCX9hBiosv5Tz/+YLxj0j7XhWjpSUF7CU=
